Microsoft Visual Studio Solution File, Format Version 12.00
# Visual Studio Version 17
VisualStudioVersion = 17.5.2.0
MinimumVisualStudioVersion = 10.0.40219.1
Project("{FAE04EC0-301F-11D3-BF4B-00C04F79EFBC}") = "DVCWinExporter", "DVCWinExporter.csproj", "{A630A81A-116C-1684-1882-A6CF4BEEC0AB}"
EndProject
Global
	GlobalSection(SolutionConfigurationPlatforms) = preSolution
		Debug|Any CPU = Debug|Any CPU
		Release|Any CPU = Release|Any CPU
	EndGlobalSection
	GlobalSection(ProjectConfigurationPlatforms) = postSolution
		{A630A81A-116C-1684-1882-A6CF4BEEC0AB}.Debug|Any CPU.ActiveCfg = Debug|Any CPU
		{A630A81A-116C-1684-1882-A6CF4BEEC0AB}.Debug|Any CPU.Build.0 = Debug|Any CPU
		{A630A81A-116C-1684-1882-A6CF4BEEC0AB}.Release|Any CPU.ActiveCfg = Release|Any CPU
		{A630A81A-116C-1684-1882-A6CF4BEEC0AB}.Release|Any CPU.Build.0 = Release|Any CPU
	EndGlobalSection
	GlobalSection(SolutionProperties) = preSolution
		HideSolutionNode = FALSE
	EndGlobalSection
	GlobalSection(ExtensibilityGlobals) = postSolution
		SolutionGuid = {56C717A0-09C3-40D9-99BC-A566BC8B4B50}
	EndGlobalSection
EndGlobal
